
Microsoft Visual Studio Solution File, Format Version 12.00
# Visual Studio Version 17
VisualStudioVersion = 17.10.35004.147
MinimumVisualStudioVersion = 10.0.40219.1
Project("{8BC9CEB8-8B4A-11D0-8D11-00A0C91BC942}") = "gPrj", "gPrj\gPrj.vcxproj", "{DA4BFAF7-64A2-4321-81C2-DD2F4EC76060}"
EndProject
Global
	GlobalSection(SolutionConfigurationPlatforms) = preSolution
		Debug|x64 = Debug|x64
		Debug|x86 = Debug|x86
		Release|x64 = Release|x64
		Release|x86 = Release|x86
	EndGlobalSection
	GlobalSection(ProjectConfigurationPlatforms) = postSolution
		{DA4BFAF7-64A2-4321-81C2-DD2F4EC76060}.Debug|x64.ActiveCfg = Debug|x64
		{DA4BFAF7-64A2-4321-81C2-DD2F4EC76060}.Debug|x64.Build.0 = Debug|x64
		{DA4BFAF7-64A2-4321-81C2-DD2F4EC76060}.Debug|x86.ActiveCfg = Debug|Win32
		{DA4BFAF7-64A2-4321-81C2-DD2F4EC76060}.Debug|x86.Build.0 = Debug|Win32
		{DA4BFAF7-64A2-4321-81C2-DD2F4EC76060}.Release|x64.ActiveCfg = Release|x64
		{DA4BFAF7-64A2-4321-81C2-DD2F4EC76060}.Release|x64.Build.0 = Release|x64
		{DA4BFAF7-64A2-4321-81C2-DD2F4EC76060}.Release|x86.ActiveCfg = Release|Win32
		{DA4BFAF7-64A2-4321-81C2-DD2F4EC76060}.Release|x86.Build.0 = Release|Win32
	EndGlobalSection
	GlobalSection(SolutionProperties) = preSolution
		HideSolutionNode = FALSE
	EndGlobalSection
	GlobalSection(ExtensibilityGlobals) = postSolution
		SolutionGuid = {61D45D9E-739F-498E-B74F-8A36F894C5DC}
	EndGlobalSection
EndGlobal
